
Microsoft Visual Studio Solution File, Format Version 12.00
# Visual Studio 15
VisualStudioVersion = 15.0.27428.2015
MinimumVisualStudioVersion = 10.0.40219.1
Project("{FAE04EC0-301F-11D3-BF4B-00C04F79EFBC}") = "MyGitChecker", "MyGitChecker.csproj", "{0DC904C5-400F-48F3-B0CB-8AB2457B82B3}"
EndProject
Global
	GlobalSection(SolutionConfigurationPlatforms) = preSolution
		Debug|Any CPU = Debug|Any CPU
		Release|Any CPU = Release|Any CPU
	EndGlobalSection
	GlobalSection(ProjectConfigurationPlatforms) = postSolution
		{0DC904C5-400F-48F3-B0CB-8AB2457B82B3}.Debug|Any CPU.ActiveCfg = Debug|Any CPU
		{0DC904C5-400F-48F3-B0CB-8AB2457B82B3}.Debug|Any CPU.Build.0 = Debug|Any CPU
		{0DC904C5-400F-48F3-B0CB-8AB2457B82B3}.Release|Any CPU.ActiveCfg = Release|Any CPU
		{0DC904C5-400F-48F3-B0CB-8AB2457B82B3}.Release|Any CPU.Build.0 = Release|Any CPU
	EndGlobalSection
	GlobalSection(SolutionProperties) = preSolution
		HideSolutionNode = FALSE
	EndGlobalSection
	GlobalSection(ExtensibilityGlobals) = postSolution
		SolutionGuid = {EB8FE104-0A6B-45A3-8FC6-7D75B50AB024}
	EndGlobalSection
EndGlobal
